# This file is automatically @generated by Cargo.
# It is not intended for manual editing.
version = 3

[[package]]
name = "afire"
version = "0.1.2"
source = "git+https://github.com/Basicprogrammer10/afire.git#acb1abac9ac6e60c28ef802d5bc90bec741a63b2"

[[package]]
name = "web_interface"
version = "0.1.0"
dependencies = [
 "afire",
]
